{
  "name": "@ota-internal/one-wire-sensor",
  "version": "1.0.0",
  "lockfileVersion": 2,
  "requires": true,
  "packages": {
    "": {
      "name": "@ota-internal/one-wire-sensor",
      "version": "1.0.0",
      "license": "ISC",
      "dependencies": {
        "@nestjs/common": "^8.4.7",
        "fast-glob": "^3.2.11"
      }
    },
    "../shared": {
      "name": "@ota-internal/shared",
      "version": "1.0.0",
      "extraneous": true,
      "license": "ISC"
    },
    "node_modules/@nestjs/common": {
      "version": "8.4.7",
      "license": "MIT",
      "dependencies": {
        "axios": "0.27.2",
        "iterare": "1.2.1",
        "tslib": "2.4.0",
        "uuid": "8.3.2"
      },
      "funding": {
        "type": "opencollective",
        "url": "https://opencollective.com/nest"
      },
      "peerDependencies": {
        "cache-manager": "*",
        "class-transformer": "*",
        "class-validator": "*",
        "reflect-metadata": "^0.1.12",
        "rxjs": "^7.1.0"
      },
      "peerDependenciesMeta": {
        "cache-manager": {
          "optional": true
        },
        "class-transformer": {
          "optional": true
        },
        "class-validator": {
          "optional": true
        }
      }
    },
    "node_modules/@nodelib/fs.scandir": {
      "version": "2.1.5",
      "license": "MIT",
      "dependencies": {
        "@nodelib/fs.stat": "2.0.5",
        "run-parallel": "^1.1.9"
      },
      "engines": {
        "node": ">= 8"
      }
    },
    "node_modules/@nodelib/fs.stat": {
      "version": "2.0.5",
      "license": "MIT",
      "engines": {
        "node": ">= 8"
      }
    },
    "node_modules/@nodelib/fs.walk": {
      "version": "1.2.8",
      "license": "MIT",
      "dependencies": {
        "@nodelib/fs.scandir": "2.1.5",
        "fastq": "^1.6.0"
      },
      "engines": {
        "node": ">= 8"
      }
    },
    "node_modules/asynckit": {
      "version": "0.4.0",
      "license": "MIT"
    },
    "node_modules/axios": {
      "version": "0.27.2",
      "license": "MIT",
      "dependencies": {
        "follow-redirects": "^1.14.9",
        "form-data": "^4.0.0"
      }
    },
    "node_modules/braces": {
      "version": "3.0.2",
      "license": "MIT",
      "dependencies": {
        "fill-range": "^7.0.1"
      },
      "engines": {
        "node": ">=8"
      }
    },
    "node_modules/combined-stream": {
      "version": "1.0.8",
      "license": "MIT",
      "dependencies": {
        "delayed-stream": "~1.0.0"
      },
      "engines": {
        "node": ">= 0.8"
      }
    },
    "node_modules/delayed-stream": {
      "version": "1.0.0",
      "license": "MIT",
      "engines": {
        "node": ">=0.4.0"
      }
    },
    "node_modules/fast-glob": {
      "version": "3.2.11",
      "license": "MIT",
      "dependencies": {
        "@nodelib/fs.stat": "^2.0.2",
        "@nodelib/fs.walk": "^1.2.3",
        "glob-parent": "^5.1.2",
        "merge2": "^1.3.0",
        "micromatch": "^4.0.4"
      },
      "engines": {
        "node": ">=8.6.0"
      }
    },
    "node_modules/fastq": {
      "version": "1.13.0",
      "license": "ISC",
      "dependencies": {
        "reusify": "^1.0.4"
      }
    },
    "node_modules/fill-range": {
      "version": "7.0.1",
      "license": "MIT",
      "dependencies": {
        "to-regex-range": "^5.0.1"
      },
      "engines": {
        "node": ">=8"
      }
    },
    "node_modules/follow-redirects": {
      "version": "1.15.1",
      "funding": [
        {
          "type": "individual",
          "url": "https://github.com/sponsors/RubenVerborgh"
        }
      ],
      "license": "MIT",
      "engines": {
        "node": ">=4.0"
      },
      "peerDependenciesMeta": {
        "debug": {
          "optional": true
        }
      }
    },
    "node_modules/form-data": {
      "version": "4.0.0",
      "license": "MIT",
      "dependencies": {
        "asynckit": "^0.4.0",
        "combined-stream": "^1.0.8",
        "mime-types": "^2.1.12"
      },
      "engines": {
        "node": ">= 6"
      }
    },
    "node_modules/glob-parent": {
      "version": "5.1.2",
      "license": "ISC",
      "dependencies": {
        "is-glob": "^4.0.1"
      },
      "engines": {
        "node": ">= 6"
      }
    },
    "node_modules/is-extglob": {
      "version": "2.1.1",
      "license": "MIT",
      "engines": {
        "node": ">=0.10.0"
      }
    },
    "node_modules/is-glob": {
      "version": "4.0.3",
      "license": "MIT",
      "dependencies": {
        "is-extglob": "^2.1.1"
      },
      "engines": {
        "node": ">=0.10.0"
      }
    },
    "node_modules/is-number": {
      "version": "7.0.0",
      "license": "MIT",
      "engines": {
        "node": ">=0.12.0"
      }
    },
    "node_modules/iterare": {
      "version": "1.2.1",
      "license": "ISC",
      "engines": {
        "node": ">=6"
      }
    },
    "node_modules/merge2": {
      "version": "1.4.1",
      "license": "MIT",
      "engines": {
        "node": ">= 8"
      }
    },
    "node_modules/micromatch": {
      "version": "4.0.5",
      "license": "MIT",
      "dependencies": {
        "braces": "^3.0.2",
        "picomatch": "^2.3.1"
      },
      "engines": {
        "node": ">=8.6"
      }
    },
    "node_modules/mime-db": {
      "version": "1.52.0",
      "license": "MIT",
      "engines": {
        "node": ">= 0.6"
      }
    },
    "node_modules/mime-types": {
      "version": "2.1.35",
      "license": "MIT",
      "dependencies": {
        "mime-db": "1.52.0"
      },
      "engines": {
        "node": ">= 0.6"
      }
    },
    "node_modules/picomatch": {
      "version": "2.3.1",
      "license": "MIT",
      "engines": {
        "node": ">=8.6"
      },
      "funding": {
        "url": "https://github.com/sponsors/jonschlinkert"
      }
    },
    "node_modules/queue-microtask": {
      "version": "1.2.3",
      "funding": [
        {
          "type": "github",
          "url": "https://github.com/sponsors/feross"
        },
        {
          "type": "patreon",
          "url": "https://www.patreon.com/feross"
        },
        {
          "type": "consulting",
          "url": "https://feross.org/support"
        }
      ],
      "license": "MIT"
    },
    "node_modules/reflect-metadata": {
      "version": "0.1.13",
      "license": "Apache-2.0",
      "peer": true
    },
    "node_modules/reusify": {
      "version": "1.0.4",
      "license": "MIT",
      "engines": {
        "iojs": ">=1.0.0",
        "node": ">=0.10.0"
      }
    },
    "node_modules/run-parallel": {
      "version": "1.2.0",
      "funding": [
        {
          "type": "github",
          "url": "https://github.com/sponsors/feross"
        },
        {
          "type": "patreon",
          "url": "https://www.patreon.com/feross"
        },
        {
          "type": "consulting",
          "url": "https://feross.org/support"
        }
      ],
      "license": "MIT",
      "dependencies": {
        "queue-microtask": "^1.2.2"
      }
    },
    "node_modules/rxjs": {
      "version": "7.5.5",
      "license": "Apache-2.0",
      "peer": true,
      "dependencies": {
        "tslib": "^2.1.0"
      }
    },
    "node_modules/to-regex-range": {
      "version": "5.0.1",
      "license": "MIT",
      "dependencies": {
        "is-number": "^7.0.0"
      },
      "engines": {
        "node": ">=8.0"
      }
    },
    "node_modules/tslib": {
      "version": "2.4.0",
      "license": "0BSD"
    },
    "node_modules/uuid": {
      "version": "8.3.2",
      "license": "MIT",
      "bin": {
        "uuid": "dist/bin/uuid"
      }
    }
  },
  "dependencies": {
    "@nestjs/common": {
      "version": "8.4.7",
      "requires": {
        "axios": "0.27.2",
        "iterare": "1.2.1",
        "tslib": "2.4.0",
        "uuid": "8.3.2"
      }
    },
    "@nodelib/fs.scandir": {
      "version": "2.1.5",
      "requires": {
        "@nodelib/fs.stat": "2.0.5",
        "run-parallel": "^1.1.9"
      }
    },
    "@nodelib/fs.stat": {
      "version": "2.0.5"
    },
    "@nodelib/fs.walk": {
      "version": "1.2.8",
      "requires": {
        "@nodelib/fs.scandir": "2.1.5",
        "fastq": "^1.6.0"
      }
    },
    "asynckit": {
      "version": "0.4.0"
    },
    "axios": {
      "version": "0.27.2",
      "requires": {
        "follow-redirects": "^1.14.9",
        "form-data": "^4.0.0"
      }
    },
    "braces": {
      "version": "3.0.2",
      "requires": {
        "fill-range": "^7.0.1"
      }
    },
    "combined-stream": {
      "version": "1.0.8",
      "requires": {
        "delayed-stream": "~1.0.0"
      }
    },
    "delayed-stream": {
      "version": "1.0.0"
    },
    "fast-glob": {
      "version": "3.2.11",
      "requires": {
        "@nodelib/fs.stat": "^2.0.2",
        "@nodelib/fs.walk": "^1.2.3",
        "glob-parent": "^5.1.2",
        "merge2": "^1.3.0",
        "micromatch": "^4.0.4"
      }
    },
    "fastq": {
      "version": "1.13.0",
      "requires": {
        "reusify": "^1.0.4"
      }
    },
    "fill-range": {
      "version": "7.0.1",
      "requires": {
        "to-regex-range": "^5.0.1"
      }
    },
    "follow-redirects": {
      "version": "1.15.1"
    },
    "form-data": {
      "version": "4.0.0",
      "requires": {
        "asynckit": "^0.4.0",
        "combined-stream": "^1.0.8",
        "mime-types": "^2.1.12"
      }
    },
    "glob-parent": {
      "version": "5.1.2",
      "requires": {
        "is-glob": "^4.0.1"
      }
    },
    "is-extglob": {
      "version": "2.1.1"
    },
    "is-glob": {
      "version": "4.0.3",
      "requires": {
        "is-extglob": "^2.1.1"
      }
    },
    "is-number": {
      "version": "7.0.0"
    },
    "iterare": {
      "version": "1.2.1"
    },
    "merge2": {
      "version": "1.4.1"
    },
    "micromatch": {
      "version": "4.0.5",
      "requires": {
        "braces": "^3.0.2",
        "picomatch": "^2.3.1"
      }
    },
    "mime-db": {
      "version": "1.52.0"
    },
    "mime-types": {
      "version": "2.1.35",
      "requires": {
        "mime-db": "1.52.0"
      }
    },
    "picomatch": {
      "version": "2.3.1"
    },
    "queue-microtask": {
      "version": "1.2.3"
    },
    "reflect-metadata": {
      "version": "0.1.13",
      "peer": true
    },
    "reusify": {
      "version": "1.0.4"
    },
    "run-parallel": {
      "version": "1.2.0",
      "requires": {
        "queue-microtask": "^1.2.2"
      }
    },
    "rxjs": {
      "version": "7.5.5",
      "peer": true,
      "requires": {
        "tslib": "^2.1.0"
      }
    },
    "to-regex-range": {
      "version": "5.0.1",
      "requires": {
        "is-number": "^7.0.0"
      }
    },
    "tslib": {
      "version": "2.4.0"
    },
    "uuid": {
      "version": "8.3.2"
    }
  }
}
